
Microsoft Visual Studio Solution File, Format Version 12.00
# Visual Studio Version 16
VisualStudioVersion = 16.0.29728.190
MinimumVisualStudioVersion = 10.0.40219.1
Project("{FAE04EC0-301F-11D3-BF4B-00C04F79EFBC}") = "CoursCsharp", "CoursCsharp\CoursCsharp.csproj", "{F8B733AE-35F4-4E78-99F7-5DB2220F2CBD}"
EndProject
Global
	GlobalSection(SolutionConfigurationPlatforms) = preSolution
		Debug|Any CPU = Debug|Any CPU
		Release|Any CPU = Release|Any CPU
	EndGlobalSection
	GlobalSection(ProjectConfigurationPlatforms) = postSolution
		{F8B733AE-35F4-4E78-99F7-5DB2220F2CBD}.Debug|Any CPU.ActiveCfg = Debug|Any CPU
		{F8B733AE-35F4-4E78-99F7-5DB2220F2CBD}.Debug|Any CPU.Build.0 = Debug|Any CPU
		{F8B733AE-35F4-4E78-99F7-5DB2220F2CBD}.Release|Any CPU.ActiveCfg = Release|Any CPU
		{F8B733AE-35F4-4E78-99F7-5DB2220F2CBD}.Release|Any CPU.Build.0 = Release|Any CPU
	EndGlobalSection
	GlobalSection(SolutionProperties) = preSolution
		HideSolutionNode = FALSE
	EndGlobalSection
	GlobalSection(ExtensibilityGlobals) = postSolution
		SolutionGuid = {6C17AF44-27D5-439A-B118-C40DAD581417}
	EndGlobalSection
EndGlobal
